
Microsoft Visual Studio Solution File, Format Version 12.00
# Visual Studio 2013
VisualStudioVersion = 12.0.31101.0
MinimumVisualStudioVersion = 10.0.40219.1
Project("{FAE04EC0-301F-11D3-BF4B-00C04F79EFBC}") = "FizzBuzz", "FizzBuzz\FizzBuzz.csproj", "{5F1E494A-376C-496B-87CC-B99CEC022380}"
EndProject
Project("{FAE04EC0-301F-11D3-BF4B-00C04F79EFBC}") = "FizzBuzzTests", "FizzBuzzTests\FizzBuzzTests.csproj", "{BF1B6687-7F23-4988-A742-2E49D79796AD}"
EndProject
Global
	GlobalSection(SolutionConfigurationPlatforms) = preSolution
		Debug|Any CPU = Debug|Any CPU
		Release|Any CPU = Release|Any CPU
	EndGlobalSection
	GlobalSection(ProjectConfigurationPlatforms) = postSolution
		{5F1E494A-376C-496B-87CC-B99CEC022380}.Debug|Any CPU.ActiveCfg = Debug|Any CPU
		{5F1E494A-376C-496B-87CC-B99CEC022380}.Debug|Any CPU.Build.0 = Debug|Any CPU
		{5F1E494A-376C-496B-87CC-B99CEC022380}.Release|Any CPU.ActiveCfg = Release|Any CPU
		{5F1E494A-376C-496B-87CC-B99CEC022380}.Release|Any CPU.Build.0 = Release|Any CPU
		{BF1B6687-7F23-4988-A742-2E49D79796AD}.Debug|Any CPU.ActiveCfg = Debug|Any CPU
		{BF1B6687-7F23-4988-A742-2E49D79796AD}.Debug|Any CPU.Build.0 = Debug|Any CPU
		{BF1B6687-7F23-4988-A742-2E49D79796AD}.Release|Any CPU.ActiveCfg = Release|Any CPU
		{BF1B6687-7F23-4988-A742-2E49D79796AD}.Release|Any CPU.Build.0 = Release|Any CPU
	EndGlobalSection
	GlobalSection(SolutionProperties) = preSolution
		HideSolutionNode = FALSE
	EndGlobalSection
EndGlobal
